// !$*UTF8*$!
{
	archiveVersion = 1;
	classes = {
	};
	objectVersion = 55;
	objects = {

/* Begin PBXBuildFile section */
		28C2FF5C27913ACD00F4D6D2 /* AppDelegate.m in Sources */ = {isa = PBXBuildFile; fileRef = 28C2FF5B27913ACD00F4D6D2 /* AppDelegate.m */; };
		28C2FF5F27913ACD00F4D6D2 /* SceneDelegate.m in Sources */ = {isa = PBXBuildFile; fileRef = 28C2FF5E27913ACD00F4D6D2 /* SceneDelegate.m */; };
		28C2FF6227913ACD00F4D6D2 /* ViewController.m in Sources */ = {isa = PBXBuildFile; fileRef = 28C2FF6127913ACD00F4D6D2 /* ViewController.m */; };
		28C2FF6527913ACD00F4D6D2 /* Main.storyboard in Resources */ = {isa = PBXBuildFile; fileRef = 28C2FF6327913ACD00F4D6D2 /* Main.storyboard */; };
		28C2FF6727913ACF00F4D6D2 /* Assets.xcassets in Resources */ = {isa = PBXBuildFile; fileRef = 28C2FF6627913ACF00F4D6D2 /* Assets.xcassets */; };
		28C2FF6A27913ACF00F4D6D2 /* LaunchScreen.storyboard in Resources */ = {isa = PBXBuildFile; fileRef = 28C2FF6827913ACF00F4D6D2 /* LaunchScreen.storyboard */; };
		28C2FF6D27913ACF00F4D6D2 /* main.m in Sources */ = {isa = PBXBuildFile; fileRef = 28C2FF6C27913ACF00F4D6D2 /* main.m */; };
		28C2FF872798002000F4D6D2 /* ScanController.m in Sources */ = {isa = PBXBuildFile; fileRef = 28C2FF862798002000F4D6D2 /* ScanController.m */; };
		28C2FF9127B506D900F4D6D2 /* www in Resources */ = {isa = PBXBuildFile; fileRef = 28C2FF9027B506D900F4D6D2 /* www */; };
		28C2FFA427BCC35500F4D6D2 /* ScanViewController.m in Sources */ = {isa = PBXBuildFile; fileRef = 28C2FFA227BCC35500F4D6D2 /* ScanViewController.m */; };
		28C2FFA527BCC35500F4D6D2 /* ScanViewController.xib in Resources */ = {isa = PBXBuildFile; fileRef = 28C2FFA327BCC35500F4D6D2 /* ScanViewController.xib */; };
/* End PBXBuildFile section */

/* Begin PBXFileReference section */
		28C2FF5727913ACD00F4D6D2 /* QR-Code_Objectjve-C.app */ = {isa = PBXFileReference; explicitFileType = wrapper.application; includeInIndex = 0; path = "QR-Code_Objectjve-C.app"; sourceTree = BUILT_PRODUCTS_DIR; };
		28C2FF5A27913ACD00F4D6D2 /* AppDelegate.h */ = {isa = PBXFileReference; lastKnownFileType = sourcecode.c.h; path = AppDelegate.h; sourceTree = "<group>"; };
		28C2FF5B27913ACD00F4D6D2 /* AppDelegate.m */ = {isa = PBXFileReference; lastKnownFileType = sourcecode.c.objc; path = AppDelegate.m; sourceTree = "<group>"; };
		28C2FF5D27913ACD00F4D6D2 /* SceneDelegate.h */ = {isa = PBXFileReference; lastKnownFileType = sourcecode.c.h; path = SceneDelegate.h; sourceTree = "<group>"; };
		28C2FF5E27913ACD00F4D6D2 /* SceneDelegate.m */ = {isa = PBXFileReference; lastKnownFileType = sourcecode.c.objc; path = SceneDelegate.m; sourceTree = "<group>"; };
		28C2FF6027913ACD00F4D6D2 /* ViewController.h */ = {isa = PBXFileReference; lastKnownFileType = sourcecode.c.h; path = ViewController.h; sourceTree = "<group>"; };
		28C2FF6127913ACD00F4D6D2 /* ViewController.m */ = {isa = PBXFileReference; lastKnownFileType = sourcecode.c.objc; path = ViewController.m; sourceTree = "<group>"; };
		28C2FF6427913ACD00F4D6D2 /* Base */ = {isa = PBXFileReference; lastKnownFileType = file.storyboard; name = Base; path = Base.lproj/Main.storyboard; sourceTree = "<group>"; };
		28C2FF6627913ACF00F4D6D2 /* Assets.xcassets */ = {isa = PBXFileReference; lastKnownFileType = folder.assetcatalog; path = Assets.xcassets; sourceTree = "<group>"; };
		28C2FF6927913ACF00F4D6D2 /* Base */ = {isa = PBXFileReference; lastKnownFileType = file.storyboard; name = Base; path = Base.lproj/LaunchScreen.storyboard; sourceTree = "<group>"; };
		28C2FF6B27913ACF00F4D6D2 /* Info.plist */ = {isa = PBXFileReference; lastKnownFileType = text.plist.xml; path = Info.plist; sourceTree = "<group>"; };
		28C2FF6C27913ACF00F4D6D2 /* main.m */ = {isa = PBXFileReference; lastKnownFileType = sourcecode.c.objc; path = main.m; sourceTree = "<group>"; };
		28C2FF852798002000F4D6D2 /* ScanController.h */ = {isa = PBXFileReference; lastKnownFileType = sourcecode.c.h; path = ScanController.h; sourceTree = "<group>"; };
		28C2FF862798002000F4D6D2 /* ScanController.m */ = {isa = PBXFileReference; lastKnownFileType = sourcecode.c.objc; path = ScanController.m; sourceTree = "<group>"; };
		28C2FF9027B506D900F4D6D2 /* www */ = {isa = PBXFileReference; lastKnownFileType = folder; path = www; sourceTree = "<group>"; };
		28C2FFA127BCC35500F4D6D2 /* ScanViewController.h */ = {isa = PBXFileReference; lastKnownFileType = sourcecode.c.h; path = ScanViewController.h; sourceTree = "<group>"; };
		28C2FFA227BCC35500F4D6D2 /* ScanViewController.m */ = {isa = PBXFileReference; lastKnownFileType = sourcecode.c.objc; path = ScanViewController.m; sourceTree = "<group>"; };
		28C2FFA327BCC35500F4D6D2 /* ScanViewController.xib */ = {isa = PBXFileReference; lastKnownFileType = file.xib; path = ScanViewController.xib; sourceTree = "<group>"; };
/* End PBXFileReference section */

/* Begin PBXFrameworksBuildPhase section */
		28C2FF5427913ACD00F4D6D2 /* Frameworks */ = {
			isa = PBXFrameworksBuildPhase;
			buildActionMask = 2147483647;
			files = (
			);
			runOnlyForDeploymentPostprocessing = 0;
		};
/* End PBXFrameworksBuildPhase section */

/* Begin PBXGroup section */
		28C2FF4E27913ACD00F4D6D2 = {
			isa = PBXGroup;
			children = (
				28C2FF5927913ACD00F4D6D2 /* QR-Code-Objective-C */,
				28C2FF5827913ACD00F4D6D2 /* Products */,
			);
			sourceTree = "<group>";
		};
		28C2FF5827913ACD00F4D6D2 /* Products */ = {
			isa = PBXGroup;
			children = (
				28C2FF5727913ACD00F4D6D2 /* QR-Code_Objectjve-C.app */,
			);
			name = Products;
			sourceTree = "<group>";
		};
		28C2FF5927913ACD00F4D6D2 /* QR-Code-Objective-C */ = {
			isa = PBXGroup;
			children = (
				28C2FF9027B506D900F4D6D2 /* www */,
				28C2FF852798002000F4D6D2 /* ScanController.h */,
				28C2FF862798002000F4D6D2 /* ScanController.m */,
				28C2FF5A27913ACD00F4D6D2 /* AppDelegate.h */,
				28C2FF5B27913ACD00F4D6D2 /* AppDelegate.m */,
				28C2FF6627913ACF00F4D6D2 /* Assets.xcassets */,
				28C2FF6B27913ACF00F4D6D2 /* Info.plist */,
				28C2FF6827913ACF00F4D6D2 /* LaunchScreen.storyboard */,
				28C2FF6C27913ACF00F4D6D2 /* main.m */,
				28C2FF5D27913ACD00F4D6D2 /* SceneDelegate.h */,
				28C2FF5E27913ACD00F4D6D2 /* SceneDelegate.m */,
				28C2FF6027913ACD00F4D6D2 /* ViewController.h */,
				28C2FF6127913ACD00F4D6D2 /* ViewController.m */,
				28C2FF6327913ACD00F4D6D2 /* Main.storyboard */,
				28C2FFA027BCC32A00F4D6D2 /* ViewClass */,
			);
			name = "QR-Code-Objective-C";
			path = "QR-Code_Objectjve-C";
			sourceTree = "<group>";
		};
		28C2FFA027BCC32A00F4D6D2 /* ViewClass */ = {
			isa = PBXGroup;
			children = (
				28C2FFA127BCC35500F4D6D2 /* ScanViewController.h */,
				28C2FFA227BCC35500F4D6D2 /* ScanViewController.m */,
				28C2FFA327BCC35500F4D6D2 /* ScanViewController.xib */,
			);
			path = ViewClass;
			sourceTree = "<group>";
		};
/* End PBXGroup section */

/* Begin PBXNativeTarget section */
		28C2FF5627913ACD00F4D6D2 /* QR-Code_Objectjve-C */ = {
			isa = PBXNativeTarget;
			buildConfigurationList = 28C2FF7027913ACF00F4D6D2 /* Build configuration list for PBXNativeTarget "QR-Code_Objectjve-C" */;
			buildPhases = (
				28C2FF5327913ACD00F4D6D2 /* Sources */,
				28C2FF5427913ACD00F4D6D2 /* Frameworks */,
				28C2FF5527913ACD00F4D6D2 /* Resources */,
			);
			buildRules = (
			);
			dependencies = (
			);
			name = "QR-Code_Objectjve-C";
			productName = horsepia_iOS_new;
			productReference = 28C2FF5727913ACD00F4D6D2 /* QR-Code_Objectjve-C.app */;
			productType = "com.apple.product-type.application";
		};
/* End PBXNativeTarget section */

/* Begin PBXProject section */
		28C2FF4F27913ACD00F4D6D2 /* Project object */ = {
			isa = PBXProject;
			attributes = {
				BuildIndependentTargetsInParallel = 1;
				LastUpgradeCheck = 1310;
				TargetAttributes = {
					28C2FF5627913ACD00F4D6D2 = {
						CreatedOnToolsVersion = 13.1;
					};
				};
			};
			buildConfigurationList = 28C2FF5227913ACD00F4D6D2 /* Build configuration list for PBXProject "QR-Code_Objectjve-C" */;
			compatibilityVersion = "Xcode 13.0";
			developmentRegion = en;
			hasScannedForEncodings = 0;
			knownRegions = (
				en,
				Base,
			);
			mainGroup = 28C2FF4E27913ACD00F4D6D2;
			productRefGroup = 28C2FF5827913ACD00F4D6D2 /* Products */;
			projectDirPath = "";
			projectRoot = "";
			targets = (
				28C2FF5627913ACD00F4D6D2 /* QR-Code_Objectjve-C */,
			);
		};
/* End PBXProject section */

/* Begin PBXResourcesBuildPhase section */
		28C2FF5527913ACD00F4D6D2 /* Resources */ = {
			isa = PBXResourcesBuildPhase;
			buildActionMask = 2147483647;
			files = (
				28C2FF9127B506D900F4D6D2 /* www in Resources */,
				28C2FF6A27913ACF00F4D6D2 /* LaunchScreen.storyboard in Resources */,
				28C2FF6727913ACF00F4D6D2 /* Assets.xcassets in Resources */,
				28C2FFA527BCC35500F4D6D2 /* ScanViewController.xib in Resources */,
				28C2FF6527913ACD00F4D6D2 /* Main.storyboard in Resources */,
			);
			runOnlyForDeploymentPostprocessing = 0;
		};
/* End PBXResourcesBuildPhase section */

/* Begin PBXSourcesBuildPhase section */
		28C2FF5327913ACD00F4D6D2 /* Sources */ = {
			isa = PBXSourcesBuildPhase;
			buildActionMask = 2147483647;
			files = (
				28C2FF872798002000F4D6D2 /* ScanController.m in Sources */,
				28C2FFA427BCC35500F4D6D2 /* ScanViewController.m in Sources */,
				28C2FF6227913ACD00F4D6D2 /* ViewController.m in Sources */,
				28C2FF5C27913ACD00F4D6D2 /* AppDelegate.m in Sources */,
				28C2FF6D27913ACF00F4D6D2 /* main.m in Sources */,
				28C2FF5F27913ACD00F4D6D2 /* SceneDelegate.m in Sources */,
			);
			runOnlyForDeploymentPostprocessing = 0;
		};
/* End PBXSourcesBuildPhase section */

/* Begin PBXVariantGroup section */
		28C2FF6327913ACD00F4D6D2 /* Main.storyboard */ = {
			isa = PBXVariantGroup;
			children = (
				28C2FF6427913ACD00F4D6D2 /* Base */,
			);
			name = Main.storyboard;
			sourceTree = "<group>";
		};
		28C2FF6827913ACF00F4D6D2 /* LaunchScreen.storyboard */ = {
			isa = PBXVariantGroup;
			children = (
				28C2FF6927913ACF00F4D6D2 /* Base */,
			);
			name = LaunchScreen.storyboard;
			sourceTree = "<group>";
		};
/* End PBXVariantGroup section */

/* Begin XCBuildConfiguration section */
		28C2FF6E27913ACF00F4D6D2 /* Debug */ = {
			isa = XCBuildConfiguration;
			buildSettings = {
				ALWAYS_SEARCH_USER_PATHS = NO;
				CLANG_ANALYZER_NONNULL = YES;
				CLANG_ANALYZER_NUMBER_OBJECT_CONVERSION = YES_AGGRESSIVE;
				CLANG_CXX_LANGUAGE_STANDARD = "gnu++17";
				CLANG_CXX_LIBRARY = "libc++";
				CLANG_ENABLE_MODULES = YES;
				CLANG_ENABLE_OBJC_ARC = YES;
				CLANG_ENABLE_OBJC_WEAK = YES;
				CLANG_WARN_BLOCK_CAPTURE_AUTORELEASING = YES;
				CLANG_WARN_BOOL_CONVERSION = YES;
				CLANG_WARN_COMMA = YES;
				CLANG_WARN_CONSTANT_CONVERSION = YES;
				CLANG_WARN_DEPRECATED_OBJC_IMPLEMENTATIONS = YES;
				CLANG_WARN_DIRECT_OBJC_ISA_USAGE = YES_ERROR;
				CLANG_WARN_DOCUMENTATION_COMMENTS = YES;
				CLANG_WARN_EMPTY_BODY = YES;
				CLANG_WARN_ENUM_CONVERSION = YES;
				CLANG_WARN_INFINITE_RECURSION = YES;
				CLANG_WARN_INT_CONVERSION = YES;
				CLANG_WARN_NON_LITERAL_NULL_CONVERSION = YES;
				CLANG_WARN_OBJC_IMPLICIT_RETAIN_SELF = YES;
				CLANG_WARN_OBJC_LITERAL_CONVERSION = YES;
				CLANG_WARN_OBJC_ROOT_CLASS = YES_ERROR;
				CLANG_WARN_QUOTED_INCLUDE_IN_FRAMEWORK_HEADER = YES;
				CLANG_WARN_RANGE_LOOP_ANALYSIS = YES;
				CLANG_WARN_STRICT_PROTOTYPES = YES;
				CLANG_WARN_SUSPICIOUS_MOVE = YES;
				CLANG_WARN_UNGUARDED_AVAILABILITY = YES_AGGRESSIVE;
				CLANG_WARN_UNREACHABLE_CODE = YES;
				CLANG_WARN__DUPLICATE_METHOD_MATCH = YES;
				COPY_PHASE_STRIP = NO;
				DEBUG_INFORMATION_FORMAT = dwarf;
				ENABLE_STRICT_OBJC_MSGSEND = YES;
				ENABLE_TESTABILITY = YES;
				GCC_C_LANGUAGE_STANDARD = gnu11;
				GCC_DYNAMIC_NO_PIC = NO;
				GCC_NO_COMMON_BLOCKS = YES;
				GCC_OPTIMIZATION_LEVEL = 0;
				GCC_PREPROCESSOR_DEFINITIONS = (
					"DEBUG=1",
					"$(inherited)",
				);
				GCC_WARN_64_TO_32_BIT_CONVERSION = YES;
				GCC_WARN_ABOUT_RETURN_TYPE = YES_ERROR;
				GCC_WARN_UNDECLARED_SELECTOR = YES;
				GCC_WARN_UNINITIALIZED_AUTOS = YES_AGGRESSIVE;
				GCC_WARN_UNUSED_FUNCTION = YES;
				GCC_WARN_UNUSED_VARIABLE = YES;
				IPHONEOS_DEPLOYMENT_TARGET = 15.0;
				MTL_ENABLE_DEBUG_INFO = INCLUDE_SOURCE;
				MTL_FAST_MATH = YES;
				ONLY_ACTIVE_ARCH = YES;
				SDKROOT = iphoneos;
			};
			name = Debug;
		};
		28C2FF6F27913ACF00F4D6D2 /* Release */ = {
			isa = XCBuildConfiguration;
			buildSettings = {
				ALWAYS_SEARCH_USER_PATHS = NO;
				CLANG_ANALYZER_NONNULL = YES;
				CLANG_ANALYZER_NUMBER_OBJECT_CONVERSION = YES_AGGRESSIVE;
				CLANG_CXX_LANGUAGE_STANDARD = "gnu++17";
				CLANG_CXX_LIBRARY = "libc++";
				CLANG_ENABLE_MODULES = YES;
				CLANG_ENABLE_OBJC_ARC = YES;
				CLANG_ENABLE_OBJC_WEAK = YES;
				CLANG_WARN_BLOCK_CAPTURE_AUTORELEASING = YES;
				CLANG_WARN_BOOL_CONVERSION = YES;
				CLANG_WARN_COMMA = YES;
				CLANG_WARN_CONSTANT_CONVERSION = YES;
				CLANG_WARN_DEPRECATED_OBJC_IMPLEMENTATIONS = YES;
				CLANG_WARN_DIRECT_OBJC_ISA_USAGE = YES_ERROR;
				CLANG_WARN_DOCUMENTATION_COMMENTS = YES;
				CLANG_WARN_EMPTY_BODY = YES;
				CLANG_WARN_ENUM_CONVERSION = YES;
				CLANG_WARN_INFINITE_RECURSION = YES;
				CLANG_WARN_INT_CONVERSION = YES;
				CLANG_WARN_NON_LITERAL_NULL_CONVERSION = YES;
				CLANG_WARN_OBJC_IMPLICIT_RETAIN_SELF = YES;
				CLANG_WARN_OBJC_LITERAL_CONVERSION = YES;
				CLANG_WARN_OBJC_ROOT_CLASS = YES_ERROR;
				CLANG_WARN_QUOTED_INCLUDE_IN_FRAMEWORK_HEADER = YES;
				CLANG_WARN_RANGE_LOOP_ANALYSIS = YES;
				CLANG_WARN_STRICT_PROTOTYPES = YES;
				CLANG_WARN_SUSPICIOUS_MOVE = YES;
				CLANG_WARN_UNGUARDED_AVAILABILITY = YES_AGGRESSIVE;
				CLANG_WARN_UNREACHABLE_CODE = YES;
				CLANG_WARN__DUPLICATE_METHOD_MATCH = YES;
				COPY_PHASE_STRIP = NO;
				DEBUG_INFORMATION_FORMAT = "dwarf-with-dsym";
				ENABLE_NS_ASSERTIONS = NO;
				ENABLE_STRICT_OBJC_MSGSEND = YES;
				GCC_C_LANGUAGE_STANDARD = gnu11;
				GCC_NO_COMMON_BLOCKS = YES;
				GCC_WARN_64_TO_32_BIT_CONVERSION = YES;
				GCC_WARN_ABOUT_RETURN_TYPE = YES_ERROR;
				GCC_WARN_UNDECLARED_SELECTOR = YES;
				GCC_WARN_UNINITIALIZED_AUTOS = YES_AGGRESSIVE;
				GCC_WARN_UNUSED_FUNCTION = YES;
				GCC_WARN_UNUSED_VARIABLE = YES;
				IPHONEOS_DEPLOYMENT_TARGET = 15.0;
				MTL_ENABLE_DEBUG_INFO = NO;
				MTL_FAST_MATH = YES;
				SDKROOT = iphoneos;
				VALIDATE_PRODUCT = YES;
			};
			name = Release;
		};
		28C2FF7127913ACF00F4D6D2 /* Debug */ = {
			isa = XCBuildConfiguration;
			buildSettings = {
				ASSETCATALOG_COMPILER_APPICON_NAME = AppIcon;
				ASSETCATALOG_COMPILER_GLOBAL_ACCENT_COLOR_NAME = AccentColor;
				CODE_SIGN_STYLE = Automatic;
				CURRENT_PROJECT_VERSION = 1;
				DEVELOPMENT_TEAM = 8V2DPLK895;
				GENERATE_INFOPLIST_FILE = YES;
				INFOPLIST_FILE = "QR-Code_Objectjve-C/Info.plist";
				INFOPLIST_KEY_NSCameraUsageDescription = "This app will need camera permission to use your phone camera";
				INFOPLIST_KEY_UIApplicationSupportsIndirectInputEvents = YES;
				INFOPLIST_KEY_UILaunchStoryboardName = LaunchScreen;
				INFOPLIST_KEY_UIMainStoryboardFile = Main;
				INFOPLIST_KEY_UISupportedInterfaceOrientations_iPad = "UIInterfaceOrientationPortrait UIInterfaceOrientationPortraitUpsideDown UIInterfaceOrientationLandscapeLeft UIInterfaceOrientationLandscapeRight";
				INFOPLIST_KEY_UISupportedInterfaceOrientations_iPhone = "UIInterfaceOrientationPortrait UIInterfaceOrientationLandscapeLeft UIInterfaceOrientationLandscapeRight";
				LD_RUNPATH_SEARCH_PATHS = (
					"$(inherited)",
					"@executable_path/Frameworks",
				);
				MARKETING_VERSION = 1.0;
				PRODUCT_BUNDLE_IDENTIFIER = "com.QR-Code-Objective-C";
				PRODUCT_NAME = "$(TARGET_NAME)";
				SWIFT_EMIT_LOC_STRINGS = YES;
				TARGETED_DEVICE_FAMILY = "1,2";
			};
			name = Debug;
		};
		28C2FF7227913ACF00F4D6D2 /* Release */ = {
			isa = XCBuildConfiguration;
			buildSettings = {
				ASSETCATALOG_COMPILER_APPICON_NAME = AppIcon;
				ASSETCATALOG_COMPILER_GLOBAL_ACCENT_COLOR_NAME = AccentColor;
				CODE_SIGN_STYLE = Automatic;
				CURRENT_PROJECT_VERSION = 1;
				DEVELOPMENT_TEAM = 8V2DPLK895;
				GENERATE_INFOPLIST_FILE = YES;
				INFOPLIST_FILE = "QR-Code_Objectjve-C/Info.plist";
				INFOPLIST_KEY_NSCameraUsageDescription = "This app will need camera permission to use your phone camera";
				INFOPLIST_KEY_UIApplicationSupportsIndirectInputEvents = YES;
				INFOPLIST_KEY_UILaunchStoryboardName = LaunchScreen;
				INFOPLIST_KEY_UIMainStoryboardFile = Main;
				INFOPLIST_KEY_UISupportedInterfaceOrientations_iPad = "UIInterfaceOrientationPortrait UIInterfaceOrientationPortraitUpsideDown UIInterfaceOrientationLandscapeLeft UIInterfaceOrientationLandscapeRight";
				INFOPLIST_KEY_UISupportedInterfaceOrientations_iPhone = "UIInterfaceOrientationPortrait UIInterfaceOrientationLandscapeLeft UIInterfaceOrientationLandscapeRight";
				LD_RUNPATH_SEARCH_PATHS = (
					"$(inherited)",
					"@executable_path/Frameworks",
				);
				MARKETING_VERSION = 1.0;
				PRODUCT_BUNDLE_IDENTIFIER = "com.QR-Code-Objective-C";
				PRODUCT_NAME = "$(TARGET_NAME)";
				SWIFT_EMIT_LOC_STRINGS = YES;
				TARGETED_DEVICE_FAMILY = "1,2";
			};
			name = Release;
		};
/* End XCBuildConfiguration section */

/* Begin XCConfigurationList section */
		28C2FF5227913ACD00F4D6D2 /* Build configuration list for PBXProject "QR-Code_Objectjve-C" */ = {
			isa = XCConfigurationList;
			buildConfigurations = (
				28C2FF6E27913ACF00F4D6D2 /* Debug */,
				28C2FF6F27913ACF00F4D6D2 /* Release */,
			);
			defaultConfigurationIsVisible = 0;
			defaultConfigurationName = Release;
		};
		28C2FF7027913ACF00F4D6D2 /* Build configuration list for PBXNativeTarget "QR-Code_Objectjve-C" */ = {
			isa = XCConfigurationList;
			buildConfigurations = (
				28C2FF7127913ACF00F4D6D2 /* Debug */,
				28C2FF7227913ACF00F4D6D2 /* Release */,
			);
			defaultConfigurationIsVisible = 0;
			defaultConfigurationName = Release;
		};
/* End XCConfigurationList section */
	};
	rootObject = 28C2FF4F27913ACD00F4D6D2 /* Project object */;
}
